
Microsoft Visual Studio Solution File, Format Version 12.00
# Visual Studio 15
Project("{FAE04EC0-301F-11D3-BF4B-00C04F79EFBC}") = "Assembly-CSharp", "Assembly-CSharp.csproj", "{19CE1CFB-6230-0EC9-1316-82B1666AE2A4}"
EndProject
Project("{FAE04EC0-301F-11D3-BF4B-00C04F79EFBC}") = "Assembly-CSharp-Editor", "Assembly-CSharp-Editor.csproj", "{091205C6-6393-6925-CD67-DFB39D0DBE66}"
EndProject
Global
	GlobalSection(SolutionConfigurationPlatforms) = preSolution
		Debug|Any CPU = Debug|Any CPU
		Release|Any CPU = Release|Any CPU
	EndGlobalSection
	GlobalSection(ProjectConfigurationPlatforms) = postSolution
		{19CE1CFB-6230-0EC9-1316-82B1666AE2A4}.Debug|Any CPU.ActiveCfg = Debug|Any CPU
		{19CE1CFB-6230-0EC9-1316-82B1666AE2A4}.Debug|Any CPU.Build.0 = Debug|Any CPU
		{19CE1CFB-6230-0EC9-1316-82B1666AE2A4}.Release|Any CPU.ActiveCfg = Release|Any CPU
		{19CE1CFB-6230-0EC9-1316-82B1666AE2A4}.Release|Any CPU.Build.0 = Release|Any CPU
		{091205C6-6393-6925-CD67-DFB39D0DBE66}.Debug|Any CPU.ActiveCfg = Debug|Any CPU
		{091205C6-6393-6925-CD67-DFB39D0DBE66}.Debug|Any CPU.Build.0 = Debug|Any CPU
		{091205C6-6393-6925-CD67-DFB39D0DBE66}.Release|Any CPU.ActiveCfg = Release|Any CPU
		{091205C6-6393-6925-CD67-DFB39D0DBE66}.Release|Any CPU.Build.0 = Release|Any CPU
	EndGlobalSection
	GlobalSection(SolutionProperties) = preSolution
		HideSolutionNode = FALSE
	EndGlobalSection
EndGlobal
